// !$*UTF8*$!
{
	archiveVersion = 1;
	classes = {
	};
	objectVersion = 77;
	objects = {

/* Begin PBXContainerItemProxy section */
		C9D5CA8F2D561EDF00509DA3 /* PBXContainerItemProxy */ = {
			isa = PBXContainerItemProxy;
			containerPortal = C9D5CA762D561EDE00509DA3 /* Project object */;
			proxyType = 1;
			remoteGlobalIDString = C9D5CA7D2D561EDE00509DA3;
			remoteInfo = Eduskunta;
		};
		C9D5CA992D561EDF00509DA3 /* PBXContainerItemProxy */ = {
			isa = PBXContainerItemProxy;
			containerPortal = C9D5CA762D561EDE00509DA3 /* Project object */;
			proxyType = 1;
			remoteGlobalIDString = C9D5CA7D2D561EDE00509DA3;
			remoteInfo = Eduskunta;
		};
/* End PBXContainerItemProxy section */

/* Begin PBXFileReference section */
		C9D5CA7E2D561EDE00509DA3 /* Eduskunta.app */ = {isa = PBXFileReference; explicitFileType = wrapper.application; includeInIndex = 0; path = Eduskunta.app; sourceTree = BUILT_PRODUCTS_DIR; };
		C9D5CA8E2D561EDF00509DA3 /* EduskuntaTests.xctest */ = {isa = PBXFileReference; explicitFileType = wrapper.cfbundle; includeInIndex = 0; path = EduskuntaTests.xctest; sourceTree = BUILT_PRODUCTS_DIR; };
		C9D5CA982D561EDF00509DA3 /* EduskuntaUITests.xctest */ = {isa = PBXFileReference; explicitFileType = wrapper.cfbundle; includeInIndex = 0; path = EduskuntaUITests.xctest; sourceTree = BUILT_PRODUCTS_DIR; };
/* End PBXFileReference section */

/* Begin PBXFileSystemSynchronizedRootGroup section */
		C9D5CA802D561EDE00509DA3 /* Eduskunta */ = {
			isa = PBXFileSystemSynchronizedRootGroup;
			path = Eduskunta;
			sourceTree = "<group>";
		};
		C9D5CA912D561EDF00509DA3 /* EduskuntaTests */ = {
			isa = PBXFileSystemSynchronizedRootGroup;
			path = EduskuntaTests;
			sourceTree = "<group>";
		};
		C9D5CA9B2D561EDF00509DA3 /* EduskuntaUITests */ = {
			isa = PBXFileSystemSynchronizedRootGroup;
			path = EduskuntaUITests;
			sourceTree = "<group>";
		};
/* End PBXFileSystemSynchronizedRootGroup section */

/* Begin PBXFrameworksBuildPhase section */
		C9D5CA7B2D561EDE00509DA3 /* Frameworks */ = {
			isa = PBXFrameworksBuildPhase;
			buildActionMask = 2147483647;
			files = (
			);
			runOnlyForDeploymentPostprocessing = 0;
		};
		C9D5CA8B2D561EDF00509DA3 /* Frameworks */ = {
			isa = PBXFrameworksBuildPhase;
			buildActionMask = 2147483647;
			files = (
			);
			runOnlyForDeploymentPostprocessing = 0;
		};
		C9D5CA952D561EDF00509DA3 /* Frameworks */ = {
			isa = PBXFrameworksBuildPhase;
			buildActionMask = 2147483647;
			files = (
			);
			runOnlyForDeploymentPostprocessing = 0;
		};
/* End PBXFrameworksBuildPhase section */

/* Begin PBXGroup section */
		C9D5CA752D561EDE00509DA3 = {
			isa = PBXGroup;
			children = (
				C9D5CA802D561EDE00509DA3 /* Eduskunta */,
				C9D5CA912D561EDF00509DA3 /* EduskuntaTests */,
				C9D5CA9B2D561EDF00509DA3 /* EduskuntaUITests */,
				C9D5CA7F2D561EDE00509DA3 /* Products */,
			);
			sourceTree = "<group>";
		};
		C9D5CA7F2D561EDE00509DA3 /* Products */ = {
			isa = PBXGroup;
			children = (
				C9D5CA7E2D561EDE00509DA3 /* Eduskunta.app */,
				C9D5CA8E2D561EDF00509DA3 /* EduskuntaTests.xctest */,
				C9D5CA982D561EDF00509DA3 /* EduskuntaUITests.xctest */,
			);
			name = Products;
			sourceTree = "<group>";
		};
/* End PBXGroup section */

/* Begin PBXNativeTarget section */
		C9D5CA7D2D561EDE00509DA3 /* Eduskunta */ = {
			isa = PBXNativeTarget;
			buildConfigurationList = C9D5CAA22D561EDF00509DA3 /* Build configuration list for PBXNativeTarget "Eduskunta" */;
			buildPhases = (
				C9D5CA7A2D561EDE00509DA3 /* Sources */,
				C9D5CA7B2D561EDE00509DA3 /* Frameworks */,
				C9D5CA7C2D561EDE00509DA3 /* Resources */,
			);
			buildRules = (
			);
			dependencies = (
			);
			fileSystemSynchronizedGroups = (
				C9D5CA802D561EDE00509DA3 /* Eduskunta */,
			);
			name = Eduskunta;
			packageProductDependencies = (
			);
			productName = Eduskunta;
			productReference = C9D5CA7E2D561EDE00509DA3 /* Eduskunta.app */;
			productType = "com.apple.product-type.application";
		};
		C9D5CA8D2D561EDF00509DA3 /* EduskuntaTests */ = {
			isa = PBXNativeTarget;
			buildConfigurationList = C9D5CAA52D561EDF00509DA3 /* Build configuration list for PBXNativeTarget "EduskuntaTests" */;
			buildPhases = (
				C9D5CA8A2D561EDF00509DA3 /* Sources */,
				C9D5CA8B2D561EDF00509DA3 /* Frameworks */,
				C9D5CA8C2D561EDF00509DA3 /* Resources */,
			);
			buildRules = (
			);
			dependencies = (
				C9D5CA902D561EDF00509DA3 /* PBXTargetDependency */,
			);
			fileSystemSynchronizedGroups = (
				C9D5CA912D561EDF00509DA3 /* EduskuntaTests */,
			);
			name = EduskuntaTests;
			packageProductDependencies = (
			);
			productName = EduskuntaTests;
			productReference = C9D5CA8E2D561EDF00509DA3 /* EduskuntaTests.xctest */;
			productType = "com.apple.product-type.bundle.unit-test";
		};
		C9D5CA972D561EDF00509DA3 /* EduskuntaUITests */ = {
			isa = PBXNativeTarget;
			buildConfigurationList = C9D5CAA82D561EDF00509DA3 /* Build configuration list for PBXNativeTarget "EduskuntaUITests" */;
			buildPhases = (
				C9D5CA942D561EDF00509DA3 /* Sources */,
				C9D5CA952D561EDF00509DA3 /* Frameworks */,
				C9D5CA962D561EDF00509DA3 /* Resources */,
			);
			buildRules = (
			);
			dependencies = (
				C9D5CA9A2D561EDF00509DA3 /* PBXTargetDependency */,
			);
			fileSystemSynchronizedGroups = (
				C9D5CA9B2D561EDF00509DA3 /* EduskuntaUITests */,
			);
			name = EduskuntaUITests;
			packageProductDependencies = (
			);
			productName = EduskuntaUITests;
			productReference = C9D5CA982D561EDF00509DA3 /* EduskuntaUITests.xctest */;
			productType = "com.apple.product-type.bundle.ui-testing";
		};
/* End PBXNativeTarget section */

/* Begin PBXProject section */
		C9D5CA762D561EDE00509DA3 /* Project object */ = {
			isa = PBXProject;
			attributes = {
				BuildIndependentTargetsInParallel = 1;
				LastSwiftUpdateCheck = 1620;
				LastUpgradeCheck = 1620;
				TargetAttributes = {
					C9D5CA7D2D561EDE00509DA3 = {
						CreatedOnToolsVersion = 16.2;
					};
					C9D5CA8D2D561EDF00509DA3 = {
						CreatedOnToolsVersion = 16.2;
						TestTargetID = C9D5CA7D2D561EDE00509DA3;
					};
					C9D5CA972D561EDF00509DA3 = {
						CreatedOnToolsVersion = 16.2;
						TestTargetID = C9D5CA7D2D561EDE00509DA3;
					};
				};
			};
			buildConfigurationList = C9D5CA792D561EDE00509DA3 /* Build configuration list for PBXProject "Eduskunta" */;
			developmentRegion = en;
			hasScannedForEncodings = 0;
			knownRegions = (
				en,
				Base,
			);
			mainGroup = C9D5CA752D561EDE00509DA3;
			minimizedProjectReferenceProxies = 1;
			preferredProjectObjectVersion = 77;
			productRefGroup = C9D5CA7F2D561EDE00509DA3 /* Products */;
			projectDirPath = "";
			projectRoot = "";
			targets = (
				C9D5CA7D2D561EDE00509DA3 /* Eduskunta */,
				C9D5CA8D2D561EDF00509DA3 /* EduskuntaTests */,
				C9D5CA972D561EDF00509DA3 /* EduskuntaUITests */,
			);
		};
/* End PBXProject section */

/* Begin PBXResourcesBuildPhase section */
		C9D5CA7C2D561EDE00509DA3 /* Resources */ = {
			isa = PBXResourcesBuildPhase;
			buildActionMask = 2147483647;
			files = (
			);
			runOnlyForDeploymentPostprocessing = 0;
		};
		C9D5CA8C2D561EDF00509DA3 /* Resources */ = {
			isa = PBXResourcesBuildPhase;
			buildActionMask = 2147483647;
			files = (
			);
			runOnlyForDeploymentPostprocessing = 0;
		};
		C9D5CA962D561EDF00509DA3 /* Resources */ = {
			isa = PBXResourcesBuildPhase;
			buildActionMask = 2147483647;
			files = (
			);
			runOnlyForDeploymentPostprocessing = 0;
		};
/* End PBXResourcesBuildPhase section */

/* Begin PBXSourcesBuildPhase section */
		C9D5CA7A2D561EDE00509DA3 /* Sources */ = {
			isa = PBXSourcesBuildPhase;
			buildActionMask = 2147483647;
			files = (
			);
			runOnlyForDeploymentPostprocessing = 0;
		};
		C9D5CA8A2D561EDF00509DA3 /* Sources */ = {
			isa = PBXSourcesBuildPhase;
			buildActionMask = 2147483647;
			files = (
			);
			runOnlyForDeploymentPostprocessing = 0;
		};
		C9D5CA942D561EDF00509DA3 /* Sources */ = {
			isa = PBXSourcesBuildPhase;
			buildActionMask = 2147483647;
			files = (
			);
			runOnlyForDeploymentPostprocessing = 0;
		};
/* End PBXSourcesBuildPhase section */

/* Begin PBXTargetDependency section */
		C9D5CA902D561EDF00509DA3 /* PBXTargetDependency */ = {
			isa = PBXTargetDependency;
			target = C9D5CA7D2D561EDE00509DA3 /* Eduskunta */;
			targetProxy = C9D5CA8F2D561EDF00509DA3 /* PBXContainerItemProxy */;
		};
		C9D5CA9A2D561EDF00509DA3 /* PBXTargetDependency */ = {
			isa = PBXTargetDependency;
			target = C9D5CA7D2D561EDE00509DA3 /* Eduskunta */;
			targetProxy = C9D5CA992D561EDF00509DA3 /* PBXContainerItemProxy */;
		};
/* End PBXTargetDependency section */

/* Begin XCBuildConfiguration section */
		C9D5CAA02D561EDF00509DA3 /* Debug */ = {
			isa = XCBuildConfiguration;
			buildSettings = {
				ALWAYS_SEARCH_USER_PATHS = NO;
				ASSETCATALOG_COMPILER_GENERATE_SWIFT_ASSET_SYMBOL_EXTENSIONS = YES;
				CLANG_ANALYZER_NONNULL = YES;
				CLANG_ANALYZER_NUMBER_OBJECT_CONVERSION = YES_AGGRESSIVE;
				CLANG_CXX_LANGUAGE_STANDARD = "gnu++20";
				CLANG_ENABLE_MODULES = YES;
				CLANG_ENABLE_OBJC_ARC = YES;
				CLANG_ENABLE_OBJC_WEAK = YES;
				CLANG_WARN_BLOCK_CAPTURE_AUTORELEASING = YES;
				CLANG_WARN_BOOL_CONVERSION = YES;
				CLANG_WARN_COMMA = YES;
				CLANG_WARN_CONSTANT_CONVERSION = YES;
				CLANG_WARN_DEPRECATED_OBJC_IMPLEMENTATIONS = YES;
				CLANG_WARN_DIRECT_OBJC_ISA_USAGE = YES_ERROR;
				CLANG_WARN_DOCUMENTATION_COMMENTS = YES;
				CLANG_WARN_EMPTY_BODY = YES;
				CLANG_WARN_ENUM_CONVERSION = YES;
				CLANG_WARN_INFINITE_RECURSION = YES;
				CLANG_WARN_INT_CONVERSION = YES;
				CLANG_WARN_NON_LITERAL_NULL_CONVERSION = YES;
				CLANG_WARN_OBJC_IMPLICIT_RETAIN_SELF = YES;
				CLANG_WARN_OBJC_LITERAL_CONVERSION = YES;
				CLANG_WARN_OBJC_ROOT_CLASS = YES_ERROR;
				CLANG_WARN_QUOTED_INCLUDE_IN_FRAMEWORK_HEADER = YES;
				CLANG_WARN_RANGE_LOOP_ANALYSIS = YES;
				CLANG_WARN_STRICT_PROTOTYPES = YES;
				CLANG_WARN_SUSPICIOUS_MOVE = YES;
				CLANG_WARN_UNGUARDED_AVAILABILITY = YES_AGGRESSIVE;
				CLANG_WARN_UNREACHABLE_CODE = YES;
				CLANG_WARN__DUPLICATE_METHOD_MATCH = YES;
				COPY_PHASE_STRIP = NO;
				DEBUG_INFORMATION_FORMAT = dwarf;
				ENABLE_STRICT_OBJC_MSGSEND = YES;
				ENABLE_TESTABILITY = YES;
				ENABLE_USER_SCRIPT_SANDBOXING = YES;
				GCC_C_LANGUAGE_STANDARD = gnu17;
				GCC_DYNAMIC_NO_PIC = NO;
				GCC_NO_COMMON_BLOCKS = YES;
				GCC_OPTIMIZATION_LEVEL = 0;
				GCC_PREPROCESSOR_DEFINITIONS = (
					"DEBUG=1",
					"$(inherited)",
				);
				GCC_WARN_64_TO_32_BIT_CONVERSION = YES;
				GCC_WARN_ABOUT_RETURN_TYPE = YES_ERROR;
				GCC_WARN_UNDECLARED_SELECTOR = YES;
				GCC_WARN_UNINITIALIZED_AUTOS = YES_AGGRESSIVE;
				GCC_WARN_UNUSED_FUNCTION = YES;
				GCC_WARN_UNUSED_VARIABLE = YES;
				IPHONEOS_DEPLOYMENT_TARGET = 18.2;
				LOCALIZATION_PREFERS_STRING_CATALOGS = YES;
				MTL_ENABLE_DEBUG_INFO = INCLUDE_SOURCE;
				MTL_FAST_MATH = YES;
				ONLY_ACTIVE_ARCH = YES;
				SDKROOT = iphoneos;
				SWIFT_ACTIVE_COMPILATION_CONDITIONS = "DEBUG $(inherited)";
				SWIFT_OPTIMIZATION_LEVEL = "-Onone";
			};
			name = Debug;
		};
		C9D5CAA12D561EDF00509DA3 /* Release */ = {
			isa = XCBuildConfiguration;
			buildSettings = {
				ALWAYS_SEARCH_USER_PATHS = NO;
				ASSETCATALOG_COMPILER_GENERATE_SWIFT_ASSET_SYMBOL_EXTENSIONS = YES;
				CLANG_ANALYZER_NONNULL = YES;
				CLANG_ANALYZER_NUMBER_OBJECT_CONVERSION = YES_AGGRESSIVE;
				CLANG_CXX_LANGUAGE_STANDARD = "gnu++20";
				CLANG_ENABLE_MODULES = YES;
				CLANG_ENABLE_OBJC_ARC = YES;
				CLANG_ENABLE_OBJC_WEAK = YES;
				CLANG_WARN_BLOCK_CAPTURE_AUTORELEASING = YES;
				CLANG_WARN_BOOL_CONVERSION = YES;
				CLANG_WARN_COMMA = YES;
				CLANG_WARN_CONSTANT_CONVERSION = YES;
				CLANG_WARN_DEPRECATED_OBJC_IMPLEMENTATIONS = YES;
				CLANG_WARN_DIRECT_OBJC_ISA_USAGE = YES_ERROR;
				CLANG_WARN_DOCUMENTATION_COMMENTS = YES;
				CLANG_WARN_EMPTY_BODY = YES;
				CLANG_WARN_ENUM_CONVERSION = YES;
				CLANG_WARN_INFINITE_RECURSION = YES;
				CLANG_WARN_INT_CONVERSION = YES;
				CLANG_WARN_NON_LITERAL_NULL_CONVERSION = YES;
				CLANG_WARN_OBJC_IMPLICIT_RETAIN_SELF = YES;
				CLANG_WARN_OBJC_LITERAL_CONVERSION = YES;
				CLANG_WARN_OBJC_ROOT_CLASS = YES_ERROR;
				CLANG_WARN_QUOTED_INCLUDE_IN_FRAMEWORK_HEADER = YES;
				CLANG_WARN_RANGE_LOOP_ANALYSIS = YES;
				CLANG_WARN_STRICT_PROTOTYPES = YES;
				CLANG_WARN_SUSPICIOUS_MOVE = YES;
				CLANG_WARN_UNGUARDED_AVAILABILITY = YES_AGGRESSIVE;
				CLANG_WARN_UNREACHABLE_CODE = YES;
				CLANG_WARN__DUPLICATE_METHOD_MATCH = YES;
				COPY_PHASE_STRIP = NO;
				DEBUG_INFORMATION_FORMAT = "dwarf-with-dsym";
				ENABLE_NS_ASSERTIONS = NO;
				ENABLE_STRICT_OBJC_MSGSEND = YES;
				ENABLE_USER_SCRIPT_SANDBOXING = YES;
				GCC_C_LANGUAGE_STANDARD = gnu17;
				GCC_NO_COMMON_BLOCKS = YES;
				GCC_WARN_64_TO_32_BIT_CONVERSION = YES;
				GCC_WARN_ABOUT_RETURN_TYPE = YES_ERROR;
				GCC_WARN_UNDECLARED_SELECTOR = YES;
				GCC_WARN_UNINITIALIZED_AUTOS = YES_AGGRESSIVE;
				GCC_WARN_UNUSED_FUNCTION = YES;
				GCC_WARN_UNUSED_VARIABLE = YES;
				IPHONEOS_DEPLOYMENT_TARGET = 18.2;
				LOCALIZATION_PREFERS_STRING_CATALOGS = YES;
				MTL_ENABLE_DEBUG_INFO = NO;
				MTL_FAST_MATH = YES;
				SDKROOT = iphoneos;
				SWIFT_COMPILATION_MODE = wholemodule;
				VALIDATE_PRODUCT = YES;
			};
			name = Release;
		};
		C9D5CAA32D561EDF00509DA3 /* Debug */ = {
			isa = XCBuildConfiguration;
			buildSettings = {
				ASSETCATALOG_COMPILER_APPICON_NAME = AppIcon;
				ASSETCATALOG_COMPILER_GLOBAL_ACCENT_COLOR_NAME = AccentColor;
				CODE_SIGN_STYLE = Automatic;
				CURRENT_PROJECT_VERSION = 1;
				DEVELOPMENT_ASSET_PATHS = "\"Eduskunta/Preview Content\"";
				ENABLE_PREVIEWS = YES;
				GENERATE_INFOPLIST_FILE = YES;
				INFOPLIST_KEY_UIApplicationSceneManifest_Generation = YES;
				INFOPLIST_KEY_UIApplicationSupportsIndirectInputEvents = YES;
				INFOPLIST_KEY_UILaunchScreen_Generation = YES;
				INFOPLIST_KEY_UISupportedInterfaceOrientations_iPad = "UIInterfaceOrientationPortrait UIInterfaceOrientationPortraitUpsideDown UIInterfaceOrientationLandscapeLeft UIInterfaceOrientationLandscapeRight";
				INFOPLIST_KEY_UISupportedInterfaceOrientations_iPhone = "UIInterfaceOrientationPortrait UIInterfaceOrientationLandscapeLeft UIInterfaceOrientationLandscapeRight";
				LD_RUNPATH_SEARCH_PATHS = (
					"$(inherited)",
					"@executable_path/Frameworks",
				);
				MARKETING_VERSION = 1.0;
				PRODUCT_BUNDLE_IDENTIFIER = "samu-pietila-.Eduskunta";
				PRODUCT_NAME = "$(TARGET_NAME)";
				SWIFT_EMIT_LOC_STRINGS = YES;
				SWIFT_VERSION = 5.0;
				TARGETED_DEVICE_FAMILY = "1,2";
			};
			name = Debug;
		};
		C9D5CAA42D561EDF00509DA3 /* Release */ = {
			isa = XCBuildConfiguration;
			buildSettings = {
				ASSETCATALOG_COMPILER_APPICON_NAME = AppIcon;
				ASSETCATALOG_COMPILER_GLOBAL_ACCENT_COLOR_NAME = AccentColor;
				CODE_SIGN_STYLE = Automatic;
				CURRENT_PROJECT_VERSION = 1;
				DEVELOPMENT_ASSET_PATHS = "\"Eduskunta/Preview Content\"";
				ENABLE_PREVIEWS = YES;
				GENERATE_INFOPLIST_FILE = YES;
				INFOPLIST_KEY_UIApplicationSceneManifest_Generation = YES;
				INFOPLIST_KEY_UIApplicationSupportsIndirectInputEvents = YES;
				INFOPLIST_KEY_UILaunchScreen_Generation = YES;
				INFOPLIST_KEY_UISupportedInterfaceOrientations_iPad = "UIInterfaceOrientationPortrait UIInterfaceOrientationPortraitUpsideDown UIInterfaceOrientationLandscapeLeft UIInterfaceOrientationLandscapeRight";
				INFOPLIST_KEY_UISupportedInterfaceOrientations_iPhone = "UIInterfaceOrientationPortrait UIInterfaceOrientationLandscapeLeft UIInterfaceOrientationLandscapeRight";
				LD_RUNPATH_SEARCH_PATHS = (
					"$(inherited)",
					"@executable_path/Frameworks",
				);
				MARKETING_VERSION = 1.0;
				PRODUCT_BUNDLE_IDENTIFIER = "samu-pietila-.Eduskunta";
				PRODUCT_NAME = "$(TARGET_NAME)";
				SWIFT_EMIT_LOC_STRINGS = YES;
				SWIFT_VERSION = 5.0;
				TARGETED_DEVICE_FAMILY = "1,2";
			};
			name = Release;
		};
		C9D5CAA62D561EDF00509DA3 /* Debug */ = {
			isa = XCBuildConfiguration;
			buildSettings = {
				BUNDLE_LOADER = "$(TEST_HOST)";
				CODE_SIGN_STYLE = Automatic;
				CURRENT_PROJECT_VERSION = 1;
				GENERATE_INFOPLIST_FILE = YES;
				IPHONEOS_DEPLOYMENT_TARGET = 18.2;
				MARKETING_VERSION = 1.0;
				PRODUCT_BUNDLE_IDENTIFIER = "samu-pietila-.EduskuntaTests";
				PRODUCT_NAME = "$(TARGET_NAME)";
				SWIFT_EMIT_LOC_STRINGS = NO;
				SWIFT_VERSION = 5.0;
				TARGETED_DEVICE_FAMILY = "1,2";
				TEST_HOST = "$(BUILT_PRODUCTS_DIR)/Eduskunta.app/$(BUNDLE_EXECUTABLE_FOLDER_PATH)/Eduskunta";
			};
			name = Debug;
		};
		C9D5CAA72D561EDF00509DA3 /* Release */ = {
			isa = XCBuildConfiguration;
			buildSettings = {
				BUNDLE_LOADER = "$(TEST_HOST)";
				CODE_SIGN_STYLE = Automatic;
				CURRENT_PROJECT_VERSION = 1;
				GENERATE_INFOPLIST_FILE = YES;
				IPHONEOS_DEPLOYMENT_TARGET = 18.2;
				MARKETING_VERSION = 1.0;
				PRODUCT_BUNDLE_IDENTIFIER = "samu-pietila-.EduskuntaTests";
				PRODUCT_NAME = "$(TARGET_NAME)";
				SWIFT_EMIT_LOC_STRINGS = NO;
				SWIFT_VERSION = 5.0;
				TARGETED_DEVICE_FAMILY = "1,2";
				TEST_HOST = "$(BUILT_PRODUCTS_DIR)/Eduskunta.app/$(BUNDLE_EXECUTABLE_FOLDER_PATH)/Eduskunta";
			};
			name = Release;
		};
		C9D5CAA92D561EDF00509DA3 /* Debug */ = {
			isa = XCBuildConfiguration;
			buildSettings = {
				CODE_SIGN_STYLE = Automatic;
				CURRENT_PROJECT_VERSION = 1;
				GENERATE_INFOPLIST_FILE = YES;
				MARKETING_VERSION = 1.0;
				PRODUCT_BUNDLE_IDENTIFIER = "samu-pietila-.EduskuntaUITests";
				PRODUCT_NAME = "$(TARGET_NAME)";
				SWIFT_EMIT_LOC_STRINGS = NO;
				SWIFT_VERSION = 5.0;
				TARGETED_DEVICE_FAMILY = "1,2";
				TEST_TARGET_NAME = Eduskunta;
			};
			name = Debug;
		};
		C9D5CAAA2D561EDF00509DA3 /* Release */ = {
			isa = XCBuildConfiguration;
			buildSettings = {
				CODE_SIGN_STYLE = Automatic;
				CURRENT_PROJECT_VERSION = 1;
				GENERATE_INFOPLIST_FILE = YES;
				MARKETING_VERSION = 1.0;
				PRODUCT_BUNDLE_IDENTIFIER = "samu-pietila-.EduskuntaUITests";
				PRODUCT_NAME = "$(TARGET_NAME)";
				SWIFT_EMIT_LOC_STRINGS = NO;
				SWIFT_VERSION = 5.0;
				TARGETED_DEVICE_FAMILY = "1,2";
				TEST_TARGET_NAME = Eduskunta;
			};
			name = Release;
		};
/* End XCBuildConfiguration section */

/* Begin XCConfigurationList section */
		C9D5CA792D561EDE00509DA3 /* Build configuration list for PBXProject "Eduskunta" */ = {
			isa = XCConfigurationList;
			buildConfigurations = (
				C9D5CAA02D561EDF00509DA3 /* Debug */,
				C9D5CAA12D561EDF00509DA3 /* Release */,
			);
			defaultConfigurationIsVisible = 0;
			defaultConfigurationName = Release;
		};
		C9D5CAA22D561EDF00509DA3 /* Build configuration list for PBXNativeTarget "Eduskunta" */ = {
			isa = XCConfigurationList;
			buildConfigurations = (
				C9D5CAA32D561EDF00509DA3 /* Debug */,
				C9D5CAA42D561EDF00509DA3 /* Release */,
			);
			defaultConfigurationIsVisible = 0;
			defaultConfigurationName = Release;
		};
		C9D5CAA52D561EDF00509DA3 /* Build configuration list for PBXNativeTarget "EduskuntaTests" */ = {
			isa = XCConfigurationList;
			buildConfigurations = (
				C9D5CAA62D561EDF00509DA3 /* Debug */,
				C9D5CAA72D561EDF00509DA3 /* Release */,
			);
			defaultConfigurationIsVisible = 0;
			defaultConfigurationName = Release;
		};
		C9D5CAA82D561EDF00509DA3 /* Build configuration list for PBXNativeTarget "EduskuntaUITests" */ = {
			isa = XCConfigurationList;
			buildConfigurations = (
				C9D5CAA92D561EDF00509DA3 /* Debug */,
				C9D5CAAA2D561EDF00509DA3 /* Release */,
			);
			defaultConfigurationIsVisible = 0;
			defaultConfigurationName = Release;
		};
/* End XCConfigurationList section */
	};
	rootObject = C9D5CA762D561EDE00509DA3 /* Project object */;
}
